
Microsoft Visual Studio Solution File, Format Version 12.00
# Visual Studio Version 17
VisualStudioVersion = 17.2.32616.157
MinimumVisualStudioVersion = 10.0.40219.1
Project("{8BC9CEB8-8B4A-11D0-8D11-00A0C91BC942}") = "KeyGuard", "KeyGuard\KeyGuard.vcxproj", "{773EF851-1B16-4BF1-B58A-D3EA9C9030CD}"
EndProject
Project("{8BC9CEB8-8B4A-11D0-8D11-00A0C91BC942}") = "ExampleRc4Decryption", "ExampleRc4Decryption\ExampleRc4Decryption.vcxproj", "{3BDF52D1-D108-4744-AB57-C5AD515DB9D9}"
EndProject
Project("{8BC9CEB8-8B4A-11D0-8D11-00A0C91BC942}") = "ExampleRc4Encryption", "ExampleRc4Encryption\ExampleRc4Encryption.vcxproj", "{324DAAD5-CDAA-4FF7-A0D4-8A913861E5E7}"
EndProject
Global
	GlobalSection(SolutionConfigurationPlatforms) = preSolution
		Debug|x64 = Debug|x64
		Debug|x86 = Debug|x86
		Release|x64 = Release|x64
		Release|x86 = Release|x86
	EndGlobalSection
	GlobalSection(ProjectConfigurationPlatforms) = postSolution
		{773EF851-1B16-4BF1-B58A-D3EA9C9030CD}.Debug|x64.ActiveCfg = Debug|x64
		{773EF851-1B16-4BF1-B58A-D3EA9C9030CD}.Debug|x64.Build.0 = Debug|x64
		{773EF851-1B16-4BF1-B58A-D3EA9C9030CD}.Debug|x86.ActiveCfg = Debug|Win32
		{773EF851-1B16-4BF1-B58A-D3EA9C9030CD}.Debug|x86.Build.0 = Debug|Win32
		{773EF851-1B16-4BF1-B58A-D3EA9C9030CD}.Release|x64.ActiveCfg = Release|x64
		{773EF851-1B16-4BF1-B58A-D3EA9C9030CD}.Release|x64.Build.0 = Release|x64
		{773EF851-1B16-4BF1-B58A-D3EA9C9030CD}.Release|x86.ActiveCfg = Release|Win32
		{773EF851-1B16-4BF1-B58A-D3EA9C9030CD}.Release|x86.Build.0 = Release|Win32
		{3BDF52D1-D108-4744-AB57-C5AD515DB9D9}.Debug|x64.ActiveCfg = Debug|x64
		{3BDF52D1-D108-4744-AB57-C5AD515DB9D9}.Debug|x64.Build.0 = Debug|x64
		{3BDF52D1-D108-4744-AB57-C5AD515DB9D9}.Debug|x86.ActiveCfg = Debug|Win32
		{3BDF52D1-D108-4744-AB57-C5AD515DB9D9}.Debug|x86.Build.0 = Debug|Win32
		{3BDF52D1-D108-4744-AB57-C5AD515DB9D9}.Release|x64.ActiveCfg = Release|x64
		{3BDF52D1-D108-4744-AB57-C5AD515DB9D9}.Release|x64.Build.0 = Release|x64
		{3BDF52D1-D108-4744-AB57-C5AD515DB9D9}.Release|x86.ActiveCfg = Release|Win32
		{3BDF52D1-D108-4744-AB57-C5AD515DB9D9}.Release|x86.Build.0 = Release|Win32
		{324DAAD5-CDAA-4FF7-A0D4-8A913861E5E7}.Debug|x64.ActiveCfg = Debug|x64
		{324DAAD5-CDAA-4FF7-A0D4-8A913861E5E7}.Debug|x64.Build.0 = Debug|x64
		{324DAAD5-CDAA-4FF7-A0D4-8A913861E5E7}.Debug|x86.ActiveCfg = Debug|Win32
		{324DAAD5-CDAA-4FF7-A0D4-8A913861E5E7}.Debug|x86.Build.0 = Debug|Win32
		{324DAAD5-CDAA-4FF7-A0D4-8A913861E5E7}.Release|x64.ActiveCfg = Release|x64
		{324DAAD5-CDAA-4FF7-A0D4-8A913861E5E7}.Release|x64.Build.0 = Release|x64
		{324DAAD5-CDAA-4FF7-A0D4-8A913861E5E7}.Release|x86.ActiveCfg = Release|Win32
		{324DAAD5-CDAA-4FF7-A0D4-8A913861E5E7}.Release|x86.Build.0 = Release|Win32
	EndGlobalSection
	GlobalSection(SolutionProperties) = preSolution
		HideSolutionNode = FALSE
	EndGlobalSection
	GlobalSection(ExtensibilityGlobals) = postSolution
		SolutionGuid = {47C4FB17-1C5A-4A81-92F2-64C95937B8CC}
	EndGlobalSection
EndGlobal
