
Microsoft Visual Studio Solution File, Format Version 12.00
# Visual Studio Version 17
VisualStudioVersion = 17.4.33122.133
MinimumVisualStudioVersion = 10.0.40219.1
Project("{8BC9CEB8-8B4A-11D0-8D11-00A0C91BC942}") = "DiskUnhooking", "DiskUnhooking\DiskUnhooking.vcxproj", "{B58D9CFC-9103-4DD7-858D-620C02A56ADC}"
EndProject
Global
	GlobalSection(SolutionConfigurationPlatforms) = preSolution
		Debug|x64 = Debug|x64
		Debug|x86 = Debug|x86
		Release|x64 = Release|x64
		Release|x86 = Release|x86
	EndGlobalSection
	GlobalSection(ProjectConfigurationPlatforms) = postSolution
		{B58D9CFC-9103-4DD7-858D-620C02A56ADC}.Debug|x64.ActiveCfg = Debug|x64
		{B58D9CFC-9103-4DD7-858D-620C02A56ADC}.Debug|x64.Build.0 = Debug|x64
		{B58D9CFC-9103-4DD7-858D-620C02A56ADC}.Debug|x86.ActiveCfg = Debug|Win32
		{B58D9CFC-9103-4DD7-858D-620C02A56ADC}.Debug|x86.Build.0 = Debug|Win32
		{B58D9CFC-9103-4DD7-858D-620C02A56ADC}.Release|x64.ActiveCfg = Release|x64
		{B58D9CFC-9103-4DD7-858D-620C02A56ADC}.Release|x64.Build.0 = Release|x64
		{B58D9CFC-9103-4DD7-858D-620C02A56ADC}.Release|x86.ActiveCfg = Release|Win32
		{B58D9CFC-9103-4DD7-858D-620C02A56ADC}.Release|x86.Build.0 = Release|Win32
	EndGlobalSection
	GlobalSection(SolutionProperties) = preSolution
		HideSolutionNode = FALSE
	EndGlobalSection
	GlobalSection(ExtensibilityGlobals) = postSolution
		SolutionGuid = {C9D8F672-B938-433F-B1A6-190F6C81E125}
	EndGlobalSection
EndGlobal
