
Microsoft Visual Studio Solution File, Format Version 12.00
# Visual Studio Version 17
VisualStudioVersion = 17.4.33122.133
MinimumVisualStudioVersion = 10.0.40219.1
Project("{8BC9CEB8-8B4A-11D0-8D11-00A0C91BC942}") = "HellsGateUpdated", "HellsGateUpdated\HellsGateUpdated.vcxproj", "{BA5A2F40-1454-4B17-A2E1-E35EA84DC9E3}"
EndProject
Project("{8BC9CEB8-8B4A-11D0-8D11-00A0C91BC942}") = "Hasher", "Hasher\Hasher.vcxproj", "{314B4610-B6A0-4ED5-BF73-6CFCC52DC619}"
EndProject
Global
	GlobalSection(SolutionConfigurationPlatforms) = preSolution
		Debug|x64 = Debug|x64
		Debug|x86 = Debug|x86
		Release|x64 = Release|x64
		Release|x86 = Release|x86
	EndGlobalSection
	GlobalSection(ProjectConfigurationPlatforms) = postSolution
		{BA5A2F40-1454-4B17-A2E1-E35EA84DC9E3}.Debug|x64.ActiveCfg = Debug|x64
		{BA5A2F40-1454-4B17-A2E1-E35EA84DC9E3}.Debug|x64.Build.0 = Debug|x64
		{BA5A2F40-1454-4B17-A2E1-E35EA84DC9E3}.Debug|x86.ActiveCfg = Debug|Win32
		{BA5A2F40-1454-4B17-A2E1-E35EA84DC9E3}.Debug|x86.Build.0 = Debug|Win32
		{BA5A2F40-1454-4B17-A2E1-E35EA84DC9E3}.Release|x64.ActiveCfg = Release|x64
		{BA5A2F40-1454-4B17-A2E1-E35EA84DC9E3}.Release|x64.Build.0 = Release|x64
		{BA5A2F40-1454-4B17-A2E1-E35EA84DC9E3}.Release|x86.ActiveCfg = Release|Win32
		{BA5A2F40-1454-4B17-A2E1-E35EA84DC9E3}.Release|x86.Build.0 = Release|Win32
		{314B4610-B6A0-4ED5-BF73-6CFCC52DC619}.Debug|x64.ActiveCfg = Debug|x64
		{314B4610-B6A0-4ED5-BF73-6CFCC52DC619}.Debug|x64.Build.0 = Debug|x64
		{314B4610-B6A0-4ED5-BF73-6CFCC52DC619}.Debug|x86.ActiveCfg = Debug|Win32
		{314B4610-B6A0-4ED5-BF73-6CFCC52DC619}.Debug|x86.Build.0 = Debug|Win32
		{314B4610-B6A0-4ED5-BF73-6CFCC52DC619}.Release|x64.ActiveCfg = Release|x64
		{314B4610-B6A0-4ED5-BF73-6CFCC52DC619}.Release|x64.Build.0 = Release|x64
		{314B4610-B6A0-4ED5-BF73-6CFCC52DC619}.Release|x86.ActiveCfg = Release|Win32
		{314B4610-B6A0-4ED5-BF73-6CFCC52DC619}.Release|x86.Build.0 = Release|Win32
	EndGlobalSection
	GlobalSection(SolutionProperties) = preSolution
		HideSolutionNode = FALSE
	EndGlobalSection
	GlobalSection(ExtensibilityGlobals) = postSolution
		SolutionGuid = {E00288E0-6DAF-4A58-BA36-7E1AD50EA83D}
	EndGlobalSection
EndGlobal
