
Microsoft Visual Studio Solution File, Format Version 12.00
# Visual Studio Version 17
VisualStudioVersion = 17.2.32616.157
MinimumVisualStudioVersion = 10.0.40219.1
Project("{8BC9CEB8-8B4A-11D0-8D11-00A0C91BC942}") = "Djb2", "StringHashing\StringHashing.vcxproj", "{98A98A65-D9D6-4CB8-9968-21F9389903C7}"
EndProject
Project("{8BC9CEB8-8B4A-11D0-8D11-00A0C91BC942}") = "Rotr32", "Rotr32\Rotr32.vcxproj", "{0429A31E-0DBD-4F27-BFDB-FEF6C34941C7}"
EndProject
Project("{8BC9CEB8-8B4A-11D0-8D11-00A0C91BC942}") = "Jenkins", "Jenkins\Jenkins.vcxproj", "{31A6B664-6BFA-46B9-935D-A4D75F7B6D30}"
EndProject
Project("{8BC9CEB8-8B4A-11D0-8D11-00A0C91BC942}") = "LoseLose", "LoseLose\LoseLose.vcxproj", "{A8173D25-7FBD-411F-B5A2-66D8AE626812}"
EndProject
Global
	GlobalSection(SolutionConfigurationPlatforms) = preSolution
		Debug|x64 = Debug|x64
		Debug|x86 = Debug|x86
		Release|x64 = Release|x64
		Release|x86 = Release|x86
	EndGlobalSection
	GlobalSection(ProjectConfigurationPlatforms) = postSolution
		{98A98A65-D9D6-4CB8-9968-21F9389903C7}.Debug|x64.ActiveCfg = Debug|x64
		{98A98A65-D9D6-4CB8-9968-21F9389903C7}.Debug|x64.Build.0 = Debug|x64
		{98A98A65-D9D6-4CB8-9968-21F9389903C7}.Debug|x86.ActiveCfg = Debug|Win32
		{98A98A65-D9D6-4CB8-9968-21F9389903C7}.Debug|x86.Build.0 = Debug|Win32
		{98A98A65-D9D6-4CB8-9968-21F9389903C7}.Release|x64.ActiveCfg = Release|x64
		{98A98A65-D9D6-4CB8-9968-21F9389903C7}.Release|x64.Build.0 = Release|x64
		{98A98A65-D9D6-4CB8-9968-21F9389903C7}.Release|x86.ActiveCfg = Release|Win32
		{98A98A65-D9D6-4CB8-9968-21F9389903C7}.Release|x86.Build.0 = Release|Win32
		{0429A31E-0DBD-4F27-BFDB-FEF6C34941C7}.Debug|x64.ActiveCfg = Debug|x64
		{0429A31E-0DBD-4F27-BFDB-FEF6C34941C7}.Debug|x64.Build.0 = Debug|x64
		{0429A31E-0DBD-4F27-BFDB-FEF6C34941C7}.Debug|x86.ActiveCfg = Debug|Win32
		{0429A31E-0DBD-4F27-BFDB-FEF6C34941C7}.Debug|x86.Build.0 = Debug|Win32
		{0429A31E-0DBD-4F27-BFDB-FEF6C34941C7}.Release|x64.ActiveCfg = Release|x64
		{0429A31E-0DBD-4F27-BFDB-FEF6C34941C7}.Release|x64.Build.0 = Release|x64
		{0429A31E-0DBD-4F27-BFDB-FEF6C34941C7}.Release|x86.ActiveCfg = Release|Win32
		{0429A31E-0DBD-4F27-BFDB-FEF6C34941C7}.Release|x86.Build.0 = Release|Win32
		{31A6B664-6BFA-46B9-935D-A4D75F7B6D30}.Debug|x64.ActiveCfg = Debug|x64
		{31A6B664-6BFA-46B9-935D-A4D75F7B6D30}.Debug|x64.Build.0 = Debug|x64
		{31A6B664-6BFA-46B9-935D-A4D75F7B6D30}.Debug|x86.ActiveCfg = Debug|Win32
		{31A6B664-6BFA-46B9-935D-A4D75F7B6D30}.Debug|x86.Build.0 = Debug|Win32
		{31A6B664-6BFA-46B9-935D-A4D75F7B6D30}.Release|x64.ActiveCfg = Release|x64
		{31A6B664-6BFA-46B9-935D-A4D75F7B6D30}.Release|x64.Build.0 = Release|x64
		{31A6B664-6BFA-46B9-935D-A4D75F7B6D30}.Release|x86.ActiveCfg = Release|Win32
		{31A6B664-6BFA-46B9-935D-A4D75F7B6D30}.Release|x86.Build.0 = Release|Win32
		{A8173D25-7FBD-411F-B5A2-66D8AE626812}.Debug|x64.ActiveCfg = Debug|x64
		{A8173D25-7FBD-411F-B5A2-66D8AE626812}.Debug|x64.Build.0 = Debug|x64
		{A8173D25-7FBD-411F-B5A2-66D8AE626812}.Debug|x86.ActiveCfg = Debug|Win32
		{A8173D25-7FBD-411F-B5A2-66D8AE626812}.Debug|x86.Build.0 = Debug|Win32
		{A8173D25-7FBD-411F-B5A2-66D8AE626812}.Release|x64.ActiveCfg = Release|x64
		{A8173D25-7FBD-411F-B5A2-66D8AE626812}.Release|x64.Build.0 = Release|x64
		{A8173D25-7FBD-411F-B5A2-66D8AE626812}.Release|x86.ActiveCfg = Release|Win32
		{A8173D25-7FBD-411F-B5A2-66D8AE626812}.Release|x86.Build.0 = Release|Win32
	EndGlobalSection
	GlobalSection(SolutionProperties) = preSolution
		HideSolutionNode = FALSE
	EndGlobalSection
	GlobalSection(ExtensibilityGlobals) = postSolution
		SolutionGuid = {D5B1D159-4E5D-4A43-9B9C-E92CC1783479}
	EndGlobalSection
EndGlobal
