
Microsoft Visual Studio Solution File, Format Version 12.00
# Visual Studio Version 17
VisualStudioVersion = 17.2.32616.157
MinimumVisualStudioVersion = 10.0.40219.1
Project("{8BC9CEB8-8B4A-11D0-8D11-00A0C91BC942}") = "PPidSpoofing", "PPidSpoofing\PPidSpoofing.vcxproj", "{A29EE9CF-C69E-4740-B0E3-0C8A44ED660E}"
EndProject
Global
	GlobalSection(SolutionConfigurationPlatforms) = preSolution
		Debug|x64 = Debug|x64
		Debug|x86 = Debug|x86
		Release|x64 = Release|x64
		Release|x86 = Release|x86
	EndGlobalSection
	GlobalSection(ProjectConfigurationPlatforms) = postSolution
		{A29EE9CF-C69E-4740-B0E3-0C8A44ED660E}.Debug|x64.ActiveCfg = Debug|x64
		{A29EE9CF-C69E-4740-B0E3-0C8A44ED660E}.Debug|x64.Build.0 = Debug|x64
		{A29EE9CF-C69E-4740-B0E3-0C8A44ED660E}.Debug|x86.ActiveCfg = Debug|Win32
		{A29EE9CF-C69E-4740-B0E3-0C8A44ED660E}.Debug|x86.Build.0 = Debug|Win32
		{A29EE9CF-C69E-4740-B0E3-0C8A44ED660E}.Release|x64.ActiveCfg = Release|x64
		{A29EE9CF-C69E-4740-B0E3-0C8A44ED660E}.Release|x64.Build.0 = Release|x64
		{A29EE9CF-C69E-4740-B0E3-0C8A44ED660E}.Release|x86.ActiveCfg = Release|Win32
		{A29EE9CF-C69E-4740-B0E3-0C8A44ED660E}.Release|x86.Build.0 = Release|Win32
	EndGlobalSection
	GlobalSection(SolutionProperties) = preSolution
		HideSolutionNode = FALSE
	EndGlobalSection
	GlobalSection(ExtensibilityGlobals) = postSolution
		SolutionGuid = {FCCD2EBF-9376-444F-ADD0-C21E5BE95997}
	EndGlobalSection
EndGlobal
