
Microsoft Visual Studio Solution File, Format Version 12.00
# Visual Studio Version 17
VisualStudioVersion = 17.4.33213.308
MinimumVisualStudioVersion = 10.0.40219.1
Project("{FAE04EC0-301F-11D3-BF4B-00C04F79EFBC}") = "CapstoneInterface", "CapstoneInterface.csproj", "{4B64E7B0-3D85-42BB-A4A4-FA7BACA6E5A5}"
EndProject
Project("{FAE04EC0-301F-11D3-BF4B-00C04F79EFBC}") = "Loader", "..\Loader\Loader.csproj", "{5FDE56D4-010D-47BB-8843-08099E2E2312}"
EndProject
Project("{FAE04EC0-301F-11D3-BF4B-00C04F79EFBC}") = "Implant", "..\Implant\Implant.csproj", "{FEE265E9-D157-4646-8F5D-BE9EF4F100C8}"
EndProject
Project("{FAE04EC0-301F-11D3-BF4B-00C04F79EFBC}") = "ImplantDLL", "..\ImplantDLL\ImplantDLL.csproj", "{55C104A7-BA44-44C5-94A1-A6CA2629C4D0}"
EndProject
Global
	GlobalSection(SolutionConfigurationPlatforms) = preSolution
		Debug|Any CPU = Debug|Any CPU
		Debug|x64 = Debug|x64
		Debug|x86 = Debug|x86
		Release|Any CPU = Release|Any CPU
		Release|x64 = Release|x64
		Release|x86 = Release|x86
	EndGlobalSection
	GlobalSection(ProjectConfigurationPlatforms) = postSolution
		{4B64E7B0-3D85-42BB-A4A4-FA7BACA6E5A5}.Debug|Any CPU.ActiveCfg = Debug|Any CPU
		{4B64E7B0-3D85-42BB-A4A4-FA7BACA6E5A5}.Debug|Any CPU.Build.0 = Debug|Any CPU
		{4B64E7B0-3D85-42BB-A4A4-FA7BACA6E5A5}.Debug|x64.ActiveCfg = Debug|Any CPU
		{4B64E7B0-3D85-42BB-A4A4-FA7BACA6E5A5}.Debug|x64.Build.0 = Debug|Any CPU
		{4B64E7B0-3D85-42BB-A4A4-FA7BACA6E5A5}.Debug|x86.ActiveCfg = Debug|Any CPU
		{4B64E7B0-3D85-42BB-A4A4-FA7BACA6E5A5}.Debug|x86.Build.0 = Debug|Any CPU
		{4B64E7B0-3D85-42BB-A4A4-FA7BACA6E5A5}.Release|Any CPU.ActiveCfg = Release|Any CPU
		{4B64E7B0-3D85-42BB-A4A4-FA7BACA6E5A5}.Release|Any CPU.Build.0 = Release|Any CPU
		{4B64E7B0-3D85-42BB-A4A4-FA7BACA6E5A5}.Release|x64.ActiveCfg = Release|Any CPU
		{4B64E7B0-3D85-42BB-A4A4-FA7BACA6E5A5}.Release|x64.Build.0 = Release|Any CPU
		{4B64E7B0-3D85-42BB-A4A4-FA7BACA6E5A5}.Release|x86.ActiveCfg = Release|Any CPU
		{4B64E7B0-3D85-42BB-A4A4-FA7BACA6E5A5}.Release|x86.Build.0 = Release|Any CPU
		{5FDE56D4-010D-47BB-8843-08099E2E2312}.Debug|Any CPU.ActiveCfg = Debug|Any CPU
		{5FDE56D4-010D-47BB-8843-08099E2E2312}.Debug|Any CPU.Build.0 = Debug|Any CPU
		{5FDE56D4-010D-47BB-8843-08099E2E2312}.Debug|x64.ActiveCfg = Debug|Any CPU
		{5FDE56D4-010D-47BB-8843-08099E2E2312}.Debug|x64.Build.0 = Debug|Any CPU
		{5FDE56D4-010D-47BB-8843-08099E2E2312}.Debug|x86.ActiveCfg = Debug|Any CPU
		{5FDE56D4-010D-47BB-8843-08099E2E2312}.Debug|x86.Build.0 = Debug|Any CPU
		{5FDE56D4-010D-47BB-8843-08099E2E2312}.Release|Any CPU.ActiveCfg = Release|Any CPU
		{5FDE56D4-010D-47BB-8843-08099E2E2312}.Release|Any CPU.Build.0 = Release|Any CPU
		{5FDE56D4-010D-47BB-8843-08099E2E2312}.Release|x64.ActiveCfg = Release|Any CPU
		{5FDE56D4-010D-47BB-8843-08099E2E2312}.Release|x64.Build.0 = Release|Any CPU
		{5FDE56D4-010D-47BB-8843-08099E2E2312}.Release|x86.ActiveCfg = Release|Any CPU
		{5FDE56D4-010D-47BB-8843-08099E2E2312}.Release|x86.Build.0 = Release|Any CPU
		{FEE265E9-D157-4646-8F5D-BE9EF4F100C8}.Debug|Any CPU.ActiveCfg = Debug|Any CPU
		{FEE265E9-D157-4646-8F5D-BE9EF4F100C8}.Debug|Any CPU.Build.0 = Debug|Any CPU
		{FEE265E9-D157-4646-8F5D-BE9EF4F100C8}.Debug|x64.ActiveCfg = Debug|Any CPU
		{FEE265E9-D157-4646-8F5D-BE9EF4F100C8}.Debug|x64.Build.0 = Debug|Any CPU
		{FEE265E9-D157-4646-8F5D-BE9EF4F100C8}.Debug|x86.ActiveCfg = Debug|Any CPU
		{FEE265E9-D157-4646-8F5D-BE9EF4F100C8}.Debug|x86.Build.0 = Debug|Any CPU
		{FEE265E9-D157-4646-8F5D-BE9EF4F100C8}.Release|Any CPU.ActiveCfg = Release|Any CPU
		{FEE265E9-D157-4646-8F5D-BE9EF4F100C8}.Release|Any CPU.Build.0 = Release|Any CPU
		{FEE265E9-D157-4646-8F5D-BE9EF4F100C8}.Release|x64.ActiveCfg = Release|Any CPU
		{FEE265E9-D157-4646-8F5D-BE9EF4F100C8}.Release|x64.Build.0 = Release|Any CPU
		{FEE265E9-D157-4646-8F5D-BE9EF4F100C8}.Release|x86.ActiveCfg = Release|Any CPU
		{FEE265E9-D157-4646-8F5D-BE9EF4F100C8}.Release|x86.Build.0 = Release|Any CPU
		{55C104A7-BA44-44C5-94A1-A6CA2629C4D0}.Debug|Any CPU.ActiveCfg = Debug|Any CPU
		{55C104A7-BA44-44C5-94A1-A6CA2629C4D0}.Debug|Any CPU.Build.0 = Debug|Any CPU
		{55C104A7-BA44-44C5-94A1-A6CA2629C4D0}.Debug|x64.ActiveCfg = Debug|Any CPU
		{55C104A7-BA44-44C5-94A1-A6CA2629C4D0}.Debug|x64.Build.0 = Debug|Any CPU
		{55C104A7-BA44-44C5-94A1-A6CA2629C4D0}.Debug|x86.ActiveCfg = Debug|Any CPU
		{55C104A7-BA44-44C5-94A1-A6CA2629C4D0}.Debug|x86.Build.0 = Debug|Any CPU
		{55C104A7-BA44-44C5-94A1-A6CA2629C4D0}.Release|Any CPU.ActiveCfg = Release|Any CPU
		{55C104A7-BA44-44C5-94A1-A6CA2629C4D0}.Release|Any CPU.Build.0 = Release|Any CPU
		{55C104A7-BA44-44C5-94A1-A6CA2629C4D0}.Release|x64.ActiveCfg = Release|Any CPU
		{55C104A7-BA44-44C5-94A1-A6CA2629C4D0}.Release|x64.Build.0 = Release|Any CPU
		{55C104A7-BA44-44C5-94A1-A6CA2629C4D0}.Release|x86.ActiveCfg = Release|Any CPU
		{55C104A7-BA44-44C5-94A1-A6CA2629C4D0}.Release|x86.Build.0 = Release|Any CPU
	EndGlobalSection
	GlobalSection(SolutionProperties) = preSolution
		HideSolutionNode = FALSE
	EndGlobalSection
	GlobalSection(ExtensibilityGlobals) = postSolution
		SolutionGuid = {61993A41-4777-47A3-9E1C-35446E228C69}
	EndGlobalSection
EndGlobal
