
Microsoft Visual Studio Solution File, Format Version 12.00
# Visual Studio Version 17
VisualStudioVersion = 17.4.33213.308
MinimumVisualStudioVersion = 10.0.40219.1
Project("{FAE04EC0-301F-11D3-BF4B-00C04F79EFBC}") = "CapstoneInterface", "CapstoneInterface.csproj", "{4B64E7B0-3D85-42BB-A4A4-FA7BACA6E5A5}"
EndProject
Project("{FAE04EC0-301F-11D3-BF4B-00C04F79EFBC}") = "Loader", "..\Loader\Loader.csproj", "{5FDE56D4-010D-47BB-8843-08099E2E2312}"
EndProject
Project("{FAE04EC0-301F-11D3-BF4B-00C04F79EFBC}") = "TestAssembly", "..\TestAssembly\TestAssembly.csproj", "{2AA627A0-B87D-487D-BB62-3BDEB38CE396}"
EndProject
Project("{FAE04EC0-301F-11D3-BF4B-00C04F79EFBC}") = "ImplantModulesCS", "..\ImplantModulesCS\ImplantModulesCS.csproj", "{4ED10F10-1CC7-4F23-BA20-73804DEC6E13}"
EndProject
Project("{FAE04EC0-301F-11D3-BF4B-00C04F79EFBC}") = "NewImplant", "..\NewImplant\NewImplant.csproj", "{DFBF39DE-6EFA-480E-AE5A-1ECF6524728B}"
EndProject
Global
	GlobalSection(SolutionConfigurationPlatforms) = preSolution
		Debug|Any CPU = Debug|Any CPU
		Debug|ARM64 = Debug|ARM64
		Debug|x64 = Debug|x64
		Debug|x86 = Debug|x86
		Release|Any CPU = Release|Any CPU
		Release|ARM64 = Release|ARM64
		Release|x64 = Release|x64
		Release|x86 = Release|x86
		X|Any CPU = X|Any CPU
		X|ARM64 = X|ARM64
		X|x64 = X|x64
		X|x86 = X|x86
	EndGlobalSection
	GlobalSection(ProjectConfigurationPlatforms) = postSolution
		{4B64E7B0-3D85-42BB-A4A4-FA7BACA6E5A5}.Debug|Any CPU.ActiveCfg = Debug|Any CPU
		{4B64E7B0-3D85-42BB-A4A4-FA7BACA6E5A5}.Debug|Any CPU.Build.0 = Debug|Any CPU
		{4B64E7B0-3D85-42BB-A4A4-FA7BACA6E5A5}.Debug|ARM64.ActiveCfg = Debug|ARM64
		{4B64E7B0-3D85-42BB-A4A4-FA7BACA6E5A5}.Debug|ARM64.Build.0 = Debug|ARM64
		{4B64E7B0-3D85-42BB-A4A4-FA7BACA6E5A5}.Debug|x64.ActiveCfg = Debug|Any CPU
		{4B64E7B0-3D85-42BB-A4A4-FA7BACA6E5A5}.Debug|x64.Build.0 = Debug|Any CPU
		{4B64E7B0-3D85-42BB-A4A4-FA7BACA6E5A5}.Debug|x86.ActiveCfg = Debug|Any CPU
		{4B64E7B0-3D85-42BB-A4A4-FA7BACA6E5A5}.Debug|x86.Build.0 = Debug|Any CPU
		{4B64E7B0-3D85-42BB-A4A4-FA7BACA6E5A5}.Release|Any CPU.ActiveCfg = Release|Any CPU
		{4B64E7B0-3D85-42BB-A4A4-FA7BACA6E5A5}.Release|Any CPU.Build.0 = Release|Any CPU
		{4B64E7B0-3D85-42BB-A4A4-FA7BACA6E5A5}.Release|ARM64.ActiveCfg = Release|ARM64
		{4B64E7B0-3D85-42BB-A4A4-FA7BACA6E5A5}.Release|ARM64.Build.0 = Release|ARM64
		{4B64E7B0-3D85-42BB-A4A4-FA7BACA6E5A5}.Release|x64.ActiveCfg = Release|Any CPU
		{4B64E7B0-3D85-42BB-A4A4-FA7BACA6E5A5}.Release|x64.Build.0 = Release|Any CPU
		{4B64E7B0-3D85-42BB-A4A4-FA7BACA6E5A5}.Release|x86.ActiveCfg = Release|Any CPU
		{4B64E7B0-3D85-42BB-A4A4-FA7BACA6E5A5}.Release|x86.Build.0 = Release|Any CPU
		{4B64E7B0-3D85-42BB-A4A4-FA7BACA6E5A5}.X|Any CPU.ActiveCfg = X|Any CPU
		{4B64E7B0-3D85-42BB-A4A4-FA7BACA6E5A5}.X|Any CPU.Build.0 = X|Any CPU
		{4B64E7B0-3D85-42BB-A4A4-FA7BACA6E5A5}.X|ARM64.ActiveCfg = X|ARM64
		{4B64E7B0-3D85-42BB-A4A4-FA7BACA6E5A5}.X|ARM64.Build.0 = X|ARM64
		{4B64E7B0-3D85-42BB-A4A4-FA7BACA6E5A5}.X|x64.ActiveCfg = X|Any CPU
		{4B64E7B0-3D85-42BB-A4A4-FA7BACA6E5A5}.X|x64.Build.0 = X|Any CPU
		{4B64E7B0-3D85-42BB-A4A4-FA7BACA6E5A5}.X|x86.ActiveCfg = X|Any CPU
		{4B64E7B0-3D85-42BB-A4A4-FA7BACA6E5A5}.X|x86.Build.0 = X|Any CPU
		{5FDE56D4-010D-47BB-8843-08099E2E2312}.Debug|Any CPU.ActiveCfg = Debug|Any CPU
		{5FDE56D4-010D-47BB-8843-08099E2E2312}.Debug|Any CPU.Build.0 = Debug|Any CPU
		{5FDE56D4-010D-47BB-8843-08099E2E2312}.Debug|ARM64.ActiveCfg = Debug|ARM64
		{5FDE56D4-010D-47BB-8843-08099E2E2312}.Debug|ARM64.Build.0 = Debug|ARM64
		{5FDE56D4-010D-47BB-8843-08099E2E2312}.Debug|x64.ActiveCfg = Debug|Any CPU
		{5FDE56D4-010D-47BB-8843-08099E2E2312}.Debug|x64.Build.0 = Debug|Any CPU
		{5FDE56D4-010D-47BB-8843-08099E2E2312}.Debug|x86.ActiveCfg = Debug|Any CPU
		{5FDE56D4-010D-47BB-8843-08099E2E2312}.Debug|x86.Build.0 = Debug|Any CPU
		{5FDE56D4-010D-47BB-8843-08099E2E2312}.Release|Any CPU.ActiveCfg = Release|Any CPU
		{5FDE56D4-010D-47BB-8843-08099E2E2312}.Release|Any CPU.Build.0 = Release|Any CPU
		{5FDE56D4-010D-47BB-8843-08099E2E2312}.Release|ARM64.ActiveCfg = Release|ARM64
		{5FDE56D4-010D-47BB-8843-08099E2E2312}.Release|ARM64.Build.0 = Release|ARM64
		{5FDE56D4-010D-47BB-8843-08099E2E2312}.Release|x64.ActiveCfg = Release|x64
		{5FDE56D4-010D-47BB-8843-08099E2E2312}.Release|x64.Build.0 = Release|x64
		{5FDE56D4-010D-47BB-8843-08099E2E2312}.Release|x86.ActiveCfg = Release|Any CPU
		{5FDE56D4-010D-47BB-8843-08099E2E2312}.Release|x86.Build.0 = Release|Any CPU
		{5FDE56D4-010D-47BB-8843-08099E2E2312}.X|Any CPU.ActiveCfg = X|Any CPU
		{5FDE56D4-010D-47BB-8843-08099E2E2312}.X|Any CPU.Build.0 = X|Any CPU
		{5FDE56D4-010D-47BB-8843-08099E2E2312}.X|ARM64.ActiveCfg = X|ARM64
		{5FDE56D4-010D-47BB-8843-08099E2E2312}.X|ARM64.Build.0 = X|ARM64
		{5FDE56D4-010D-47BB-8843-08099E2E2312}.X|x64.ActiveCfg = X|x64
		{5FDE56D4-010D-47BB-8843-08099E2E2312}.X|x64.Build.0 = X|x64
		{5FDE56D4-010D-47BB-8843-08099E2E2312}.X|x86.ActiveCfg = X|Any CPU
		{5FDE56D4-010D-47BB-8843-08099E2E2312}.X|x86.Build.0 = X|Any CPU
		{2AA627A0-B87D-487D-BB62-3BDEB38CE396}.Debug|Any CPU.ActiveCfg = Debug|Any CPU
		{2AA627A0-B87D-487D-BB62-3BDEB38CE396}.Debug|Any CPU.Build.0 = Debug|Any CPU
		{2AA627A0-B87D-487D-BB62-3BDEB38CE396}.Debug|ARM64.ActiveCfg = Debug|ARM64
		{2AA627A0-B87D-487D-BB62-3BDEB38CE396}.Debug|ARM64.Build.0 = Debug|ARM64
		{2AA627A0-B87D-487D-BB62-3BDEB38CE396}.Debug|x64.ActiveCfg = Debug|Any CPU
		{2AA627A0-B87D-487D-BB62-3BDEB38CE396}.Debug|x64.Build.0 = Debug|Any CPU
		{2AA627A0-B87D-487D-BB62-3BDEB38CE396}.Debug|x86.ActiveCfg = Debug|Any CPU
		{2AA627A0-B87D-487D-BB62-3BDEB38CE396}.Debug|x86.Build.0 = Debug|Any CPU
		{2AA627A0-B87D-487D-BB62-3BDEB38CE396}.Release|Any CPU.ActiveCfg = Release|Any CPU
		{2AA627A0-B87D-487D-BB62-3BDEB38CE396}.Release|Any CPU.Build.0 = Release|Any CPU
		{2AA627A0-B87D-487D-BB62-3BDEB38CE396}.Release|ARM64.ActiveCfg = Release|ARM64
		{2AA627A0-B87D-487D-BB62-3BDEB38CE396}.Release|ARM64.Build.0 = Release|ARM64
		{2AA627A0-B87D-487D-BB62-3BDEB38CE396}.Release|x64.ActiveCfg = Release|Any CPU
		{2AA627A0-B87D-487D-BB62-3BDEB38CE396}.Release|x64.Build.0 = Release|Any CPU
		{2AA627A0-B87D-487D-BB62-3BDEB38CE396}.Release|x86.ActiveCfg = Release|Any CPU
		{2AA627A0-B87D-487D-BB62-3BDEB38CE396}.Release|x86.Build.0 = Release|Any CPU
		{2AA627A0-B87D-487D-BB62-3BDEB38CE396}.X|Any CPU.ActiveCfg = X|Any CPU
		{2AA627A0-B87D-487D-BB62-3BDEB38CE396}.X|Any CPU.Build.0 = X|Any CPU
		{2AA627A0-B87D-487D-BB62-3BDEB38CE396}.X|ARM64.ActiveCfg = X|ARM64
		{2AA627A0-B87D-487D-BB62-3BDEB38CE396}.X|ARM64.Build.0 = X|ARM64
		{2AA627A0-B87D-487D-BB62-3BDEB38CE396}.X|x64.ActiveCfg = X|Any CPU
		{2AA627A0-B87D-487D-BB62-3BDEB38CE396}.X|x64.Build.0 = X|Any CPU
		{2AA627A0-B87D-487D-BB62-3BDEB38CE396}.X|x86.ActiveCfg = X|Any CPU
		{2AA627A0-B87D-487D-BB62-3BDEB38CE396}.X|x86.Build.0 = X|Any CPU
		{4ED10F10-1CC7-4F23-BA20-73804DEC6E13}.Debug|Any CPU.ActiveCfg = Debug|Any CPU
		{4ED10F10-1CC7-4F23-BA20-73804DEC6E13}.Debug|Any CPU.Build.0 = Debug|Any CPU
		{4ED10F10-1CC7-4F23-BA20-73804DEC6E13}.Debug|ARM64.ActiveCfg = Debug|Any CPU
		{4ED10F10-1CC7-4F23-BA20-73804DEC6E13}.Debug|ARM64.Build.0 = Debug|Any CPU
		{4ED10F10-1CC7-4F23-BA20-73804DEC6E13}.Debug|x64.ActiveCfg = Debug|Any CPU
		{4ED10F10-1CC7-4F23-BA20-73804DEC6E13}.Debug|x64.Build.0 = Debug|Any CPU
		{4ED10F10-1CC7-4F23-BA20-73804DEC6E13}.Debug|x86.ActiveCfg = Debug|Any CPU
		{4ED10F10-1CC7-4F23-BA20-73804DEC6E13}.Debug|x86.Build.0 = Debug|Any CPU
		{4ED10F10-1CC7-4F23-BA20-73804DEC6E13}.Release|Any CPU.ActiveCfg = Release|Any CPU
		{4ED10F10-1CC7-4F23-BA20-73804DEC6E13}.Release|Any CPU.Build.0 = Release|Any CPU
		{4ED10F10-1CC7-4F23-BA20-73804DEC6E13}.Release|ARM64.ActiveCfg = Release|Any CPU
		{4ED10F10-1CC7-4F23-BA20-73804DEC6E13}.Release|ARM64.Build.0 = Release|Any CPU
		{4ED10F10-1CC7-4F23-BA20-73804DEC6E13}.Release|x64.ActiveCfg = Release|Any CPU
		{4ED10F10-1CC7-4F23-BA20-73804DEC6E13}.Release|x64.Build.0 = Release|Any CPU
		{4ED10F10-1CC7-4F23-BA20-73804DEC6E13}.Release|x86.ActiveCfg = Release|Any CPU
		{4ED10F10-1CC7-4F23-BA20-73804DEC6E13}.Release|x86.Build.0 = Release|Any CPU
		{4ED10F10-1CC7-4F23-BA20-73804DEC6E13}.X|Any CPU.ActiveCfg = X|Any CPU
		{4ED10F10-1CC7-4F23-BA20-73804DEC6E13}.X|Any CPU.Build.0 = X|Any CPU
		{4ED10F10-1CC7-4F23-BA20-73804DEC6E13}.X|ARM64.ActiveCfg = X|Any CPU
		{4ED10F10-1CC7-4F23-BA20-73804DEC6E13}.X|ARM64.Build.0 = X|Any CPU
		{4ED10F10-1CC7-4F23-BA20-73804DEC6E13}.X|x64.ActiveCfg = X|Any CPU
		{4ED10F10-1CC7-4F23-BA20-73804DEC6E13}.X|x64.Build.0 = X|Any CPU
		{4ED10F10-1CC7-4F23-BA20-73804DEC6E13}.X|x86.ActiveCfg = X|Any CPU
		{4ED10F10-1CC7-4F23-BA20-73804DEC6E13}.X|x86.Build.0 = X|Any CPU
		{DFBF39DE-6EFA-480E-AE5A-1ECF6524728B}.Debug|Any CPU.ActiveCfg = Debug|Any CPU
		{DFBF39DE-6EFA-480E-AE5A-1ECF6524728B}.Debug|Any CPU.Build.0 = Debug|Any CPU
		{DFBF39DE-6EFA-480E-AE5A-1ECF6524728B}.Debug|ARM64.ActiveCfg = Debug|Any CPU
		{DFBF39DE-6EFA-480E-AE5A-1ECF6524728B}.Debug|ARM64.Build.0 = Debug|Any CPU
		{DFBF39DE-6EFA-480E-AE5A-1ECF6524728B}.Debug|x64.ActiveCfg = Debug|Any CPU
		{DFBF39DE-6EFA-480E-AE5A-1ECF6524728B}.Debug|x64.Build.0 = Debug|Any CPU
		{DFBF39DE-6EFA-480E-AE5A-1ECF6524728B}.Debug|x86.ActiveCfg = Debug|Any CPU
		{DFBF39DE-6EFA-480E-AE5A-1ECF6524728B}.Debug|x86.Build.0 = Debug|Any CPU
		{DFBF39DE-6EFA-480E-AE5A-1ECF6524728B}.Release|Any CPU.ActiveCfg = Release|Any CPU
		{DFBF39DE-6EFA-480E-AE5A-1ECF6524728B}.Release|Any CPU.Build.0 = Release|Any CPU
		{DFBF39DE-6EFA-480E-AE5A-1ECF6524728B}.Release|ARM64.ActiveCfg = Release|Any CPU
		{DFBF39DE-6EFA-480E-AE5A-1ECF6524728B}.Release|ARM64.Build.0 = Release|Any CPU
		{DFBF39DE-6EFA-480E-AE5A-1ECF6524728B}.Release|x64.ActiveCfg = Release|Any CPU
		{DFBF39DE-6EFA-480E-AE5A-1ECF6524728B}.Release|x64.Build.0 = Release|Any CPU
		{DFBF39DE-6EFA-480E-AE5A-1ECF6524728B}.Release|x86.ActiveCfg = Release|Any CPU
		{DFBF39DE-6EFA-480E-AE5A-1ECF6524728B}.Release|x86.Build.0 = Release|Any CPU
		{DFBF39DE-6EFA-480E-AE5A-1ECF6524728B}.X|Any CPU.ActiveCfg = Debug|Any CPU
		{DFBF39DE-6EFA-480E-AE5A-1ECF6524728B}.X|Any CPU.Build.0 = Debug|Any CPU
		{DFBF39DE-6EFA-480E-AE5A-1ECF6524728B}.X|ARM64.ActiveCfg = Debug|Any CPU
		{DFBF39DE-6EFA-480E-AE5A-1ECF6524728B}.X|ARM64.Build.0 = Debug|Any CPU
		{DFBF39DE-6EFA-480E-AE5A-1ECF6524728B}.X|x64.ActiveCfg = Debug|Any CPU
		{DFBF39DE-6EFA-480E-AE5A-1ECF6524728B}.X|x64.Build.0 = Debug|Any CPU
		{DFBF39DE-6EFA-480E-AE5A-1ECF6524728B}.X|x86.ActiveCfg = Debug|Any CPU
		{DFBF39DE-6EFA-480E-AE5A-1ECF6524728B}.X|x86.Build.0 = Debug|Any CPU
	EndGlobalSection
	GlobalSection(SolutionProperties) = preSolution
		HideSolutionNode = FALSE
	EndGlobalSection
	GlobalSection(ExtensibilityGlobals) = postSolution
		SolutionGuid = {61993A41-4777-47A3-9E1C-35446E228C69}
	EndGlobalSection
EndGlobal
