
Microsoft Visual Studio Solution File, Format Version 12.00
# Visual Studio Version 17
VisualStudioVersion = 17.2.32616.157
MinimumVisualStudioVersion = 10.0.40219.1
Project("{8BC9CEB8-8B4A-11D0-8D11-00A0C91BC942}") = "ArgSpoofing", "ArgSpoofing\ArgSpoofing.vcxproj", "{774D8DD7-9B9B-4EB7-9AFF-390276348BDB}"
EndProject
Global
	GlobalSection(SolutionConfigurationPlatforms) = preSolution
		Debug|x64 = Debug|x64
		Debug|x86 = Debug|x86
		Release|x64 = Release|x64
		Release|x86 = Release|x86
	EndGlobalSection
	GlobalSection(ProjectConfigurationPlatforms) = postSolution
		{774D8DD7-9B9B-4EB7-9AFF-390276348BDB}.Debug|x64.ActiveCfg = Debug|x64
		{774D8DD7-9B9B-4EB7-9AFF-390276348BDB}.Debug|x64.Build.0 = Debug|x64
		{774D8DD7-9B9B-4EB7-9AFF-390276348BDB}.Debug|x86.ActiveCfg = Debug|Win32
		{774D8DD7-9B9B-4EB7-9AFF-390276348BDB}.Debug|x86.Build.0 = Debug|Win32
		{774D8DD7-9B9B-4EB7-9AFF-390276348BDB}.Release|x64.ActiveCfg = Release|x64
		{774D8DD7-9B9B-4EB7-9AFF-390276348BDB}.Release|x64.Build.0 = Release|x64
		{774D8DD7-9B9B-4EB7-9AFF-390276348BDB}.Release|x86.ActiveCfg = Release|Win32
		{774D8DD7-9B9B-4EB7-9AFF-390276348BDB}.Release|x86.Build.0 = Release|Win32
	EndGlobalSection
	GlobalSection(SolutionProperties) = preSolution
		HideSolutionNode = FALSE
	EndGlobalSection
	GlobalSection(ExtensibilityGlobals) = postSolution
		SolutionGuid = {418C9FF3-9AEC-4363-8DAF-39E269F60731}
	EndGlobalSection
EndGlobal
